
Microsoft Visual Studio Solution File, Format Version 12.00
# Visual Studio Version 17
VisualStudioVersion = 17.7.34221.43
MinimumVisualStudioVersion = 10.0.40219.1
Project("{8BC9CEB8-8B4A-11D0-8D11-00A0C91BC942}") = "While_0toNumber", "While_0toNumber\While_0toNumber.vcxproj", "{4472C0AE-DCDB-411F-8D5A-D3C576304BBB}"
EndProject
Global
	GlobalSection(SolutionConfigurationPlatforms) = preSolution
		Debug|x64 = Debug|x64
		Debug|x86 = Debug|x86
		Release|x64 = Release|x64
		Release|x86 = Release|x86
	EndGlobalSection
	GlobalSection(ProjectConfigurationPlatforms) = postSolution
		{4472C0AE-DCDB-411F-8D5A-D3C576304BBB}.Debug|x64.ActiveCfg = Debug|x64
		{4472C0AE-DCDB-411F-8D5A-D3C576304BBB}.Debug|x64.Build.0 = Debug|x64
		{4472C0AE-DCDB-411F-8D5A-D3C576304BBB}.Debug|x86.ActiveCfg = Debug|Win32
		{4472C0AE-DCDB-411F-8D5A-D3C576304BBB}.Debug|x86.Build.0 = Debug|Win32
		{4472C0AE-DCDB-411F-8D5A-D3C576304BBB}.Release|x64.ActiveCfg = Release|x64
		{4472C0AE-DCDB-411F-8D5A-D3C576304BBB}.Release|x64.Build.0 = Release|x64
		{4472C0AE-DCDB-411F-8D5A-D3C576304BBB}.Release|x86.ActiveCfg = Release|Win32
		{4472C0AE-DCDB-411F-8D5A-D3C576304BBB}.Release|x86.Build.0 = Release|Win32
	EndGlobalSection
	GlobalSection(SolutionProperties) = preSolution
		HideSolutionNode = FALSE
	EndGlobalSection
	GlobalSection(ExtensibilityGlobals) = postSolution
		SolutionGuid = {E89B5C25-61CD-40F7-A779-A7615AC08827}
	EndGlobalSection
EndGlobal
